// !$*UTF8*$!
{
	archiveVersion = 1;
	classes = {
	};
	objectVersion = 77;
	objects = {

/* Begin PBXContainerItemProxy section */
		B9921E692E66B0530080ABFB /* PBXContainerItemProxy */ = {
			isa = PBXContainerItemProxy;
			containerPortal = B9921E502E66B0510080ABFB /* Project object */;
			proxyType = 1;
			remoteGlobalIDString = B9921E572E66B0510080ABFB;
			remoteInfo = "larning-swift-test";
		};
		B9921E732E66B0530080ABFB /* PBXContainerItemProxy */ = {
			isa = PBXContainerItemProxy;
			containerPortal = B9921E502E66B0510080ABFB /* Project object */;
			proxyType = 1;
			remoteGlobalIDString = B9921E572E66B0510080ABFB;
			remoteInfo = "larning-swift-test";
		};
/* End PBXContainerItemProxy section */

/* Begin PBXFileReference section */
		B9921E582E66B0510080ABFB /* larning-swift-test.app */ = {isa = PBXFileReference; explicitFileType = wrapper.application; includeInIndex = 0; path = "larning-swift-test.app"; sourceTree = BUILT_PRODUCTS_DIR; };
		B9921E682E66B0530080ABFB /* larning-swift-testTests.xctest */ = {isa = PBXFileReference; explicitFileType = wrapper.cfbundle; includeInIndex = 0; path = "larning-swift-testTests.xctest"; sourceTree = BUILT_PRODUCTS_DIR; };
		B9921E722E66B0530080ABFB /* larning-swift-testUITests.xctest */ = {isa = PBXFileReference; explicitFileType = wrapper.cfbundle; includeInIndex = 0; path = "larning-swift-testUITests.xctest"; sourceTree = BUILT_PRODUCTS_DIR; };
/* End PBXFileReference section */

/* Begin PBXFileSystemSynchronizedRootGroup section */
		B9921E5A2E66B0510080ABFB /* larning-swift-test */ = {
			isa = PBXFileSystemSynchronizedRootGroup;
			path = "larning-swift-test";
			sourceTree = "<group>";
		};
		B9921E6B2E66B0530080ABFB /* larning-swift-testTests */ = {
			isa = PBXFileSystemSynchronizedRootGroup;
			path = "larning-swift-testTests";
			sourceTree = "<group>";
		};
		B9921E752E66B0530080ABFB /* larning-swift-testUITests */ = {
			isa = PBXFileSystemSynchronizedRootGroup;
			path = "larning-swift-testUITests";
			sourceTree = "<group>";
		};
/* End PBXFileSystemSynchronizedRootGroup section */

/* Begin PBXFrameworksBuildPhase section */
		B9921E552E66B0510080ABFB /* Frameworks */ = {
			isa = PBXFrameworksBuildPhase;
			buildActionMask = 2147483647;
			files = (
			);
			runOnlyForDeploymentPostprocessing = 0;
		};
		B9921E652E66B0530080ABFB /* Frameworks */ = {
			isa = PBXFrameworksBuildPhase;
			buildActionMask = 2147483647;
			files = (
			);
			runOnlyForDeploymentPostprocessing = 0;
		};
		B9921E6F2E66B0530080ABFB /* Frameworks */ = {
			isa = PBXFrameworksBuildPhase;
			buildActionMask = 2147483647;
			files = (
			);
			runOnlyForDeploymentPostprocessing = 0;
		};
/* End PBXFrameworksBuildPhase section */

/* Begin PBXGroup section */
		B9921E4F2E66B0510080ABFB = {
			isa = PBXGroup;
			children = (
				B9921E5A2E66B0510080ABFB /* larning-swift-test */,
				B9921E6B2E66B0530080ABFB /* larning-swift-testTests */,
				B9921E752E66B0530080ABFB /* larning-swift-testUITests */,
				B9921E592E66B0510080ABFB /* Products */,
			);
			sourceTree = "<group>";
		};
		B9921E592E66B0510080ABFB /* Products */ = {
			isa = PBXGroup;
			children = (
				B9921E582E66B0510080ABFB /* larning-swift-test.app */,
				B9921E682E66B0530080ABFB /* larning-swift-testTests.xctest */,
				B9921E722E66B0530080ABFB /* larning-swift-testUITests.xctest */,
			);
			name = Products;
			sourceTree = "<group>";
		};
/* End PBXGroup section */

/* Begin PBXNativeTarget section */
		B9921E572E66B0510080ABFB /* larning-swift-test */ = {
			isa = PBXNativeTarget;
			buildConfigurationList = B9921E7C2E66B0530080ABFB /* Build configuration list for PBXNativeTarget "larning-swift-test" */;
			buildPhases = (
				B9921E542E66B0510080ABFB /* Sources */,
				B9921E552E66B0510080ABFB /* Frameworks */,
				B9921E562E66B0510080ABFB /* Resources */,
			);
			buildRules = (
			);
			dependencies = (
			);
			fileSystemSynchronizedGroups = (
				B9921E5A2E66B0510080ABFB /* larning-swift-test */,
			);
			name = "larning-swift-test";
			packageProductDependencies = (
			);
			productName = "larning-swift-test";
			productReference = B9921E582E66B0510080ABFB /* larning-swift-test.app */;
			productType = "com.apple.product-type.application";
		};
		B9921E672E66B0530080ABFB /* larning-swift-testTests */ = {
			isa = PBXNativeTarget;
			buildConfigurationList = B9921E7F2E66B0530080ABFB /* Build configuration list for PBXNativeTarget "larning-swift-testTests" */;
			buildPhases = (
				B9921E642E66B0530080ABFB /* Sources */,
				B9921E652E66B0530080ABFB /* Frameworks */,
				B9921E662E66B0530080ABFB /* Resources */,
			);
			buildRules = (
			);
			dependencies = (
				B9921E6A2E66B0530080ABFB /* PBXTargetDependency */,
			);
			fileSystemSynchronizedGroups = (
				B9921E6B2E66B0530080ABFB /* larning-swift-testTests */,
			);
			name = "larning-swift-testTests";
			packageProductDependencies = (
			);
			productName = "larning-swift-testTests";
			productReference = B9921E682E66B0530080ABFB /* larning-swift-testTests.xctest */;
			productType = "com.apple.product-type.bundle.unit-test";
		};
		B9921E712E66B0530080ABFB /* larning-swift-testUITests */ = {
			isa = PBXNativeTarget;
			buildConfigurationList = B9921E822E66B0530080ABFB /* Build configuration list for PBXNativeTarget "larning-swift-testUITests" */;
			buildPhases = (
				B9921E6E2E66B0530080ABFB /* Sources */,
				B9921E6F2E66B0530080ABFB /* Frameworks */,
				B9921E702E66B0530080ABFB /* Resources */,
			);
			buildRules = (
			);
			dependencies = (
				B9921E742E66B0530080ABFB /* PBXTargetDependency */,
			);
			fileSystemSynchronizedGroups = (
				B9921E752E66B0530080ABFB /* larning-swift-testUITests */,
			);
			name = "larning-swift-testUITests";
			packageProductDependencies = (
			);
			productName = "larning-swift-testUITests";
			productReference = B9921E722E66B0530080ABFB /* larning-swift-testUITests.xctest */;
			productType = "com.apple.product-type.bundle.ui-testing";
		};
/* End PBXNativeTarget section */

/* Begin PBXProject section */
		B9921E502E66B0510080ABFB /* Project object */ = {
			isa = PBXProject;
			attributes = {
				BuildIndependentTargetsInParallel = 1;
				LastSwiftUpdateCheck = 1620;
				LastUpgradeCheck = 1620;
				TargetAttributes = {
					B9921E572E66B0510080ABFB = {
						CreatedOnToolsVersion = 16.2;
					};
					B9921E672E66B0530080ABFB = {
						CreatedOnToolsVersion = 16.2;
						TestTargetID = B9921E572E66B0510080ABFB;
					};
					B9921E712E66B0530080ABFB = {
						CreatedOnToolsVersion = 16.2;
						TestTargetID = B9921E572E66B0510080ABFB;
					};
				};
			};
			buildConfigurationList = B9921E532E66B0510080ABFB /* Build configuration list for PBXProject "larning-swift-test" */;
			developmentRegion = en;
			hasScannedForEncodings = 0;
			knownRegions = (
				en,
				Base,
			);
			mainGroup = B9921E4F2E66B0510080ABFB;
			minimizedProjectReferenceProxies = 1;
			preferredProjectObjectVersion = 77;
			productRefGroup = B9921E592E66B0510080ABFB /* Products */;
			projectDirPath = "";
			projectRoot = "";
			targets = (
				B9921E572E66B0510080ABFB /* larning-swift-test */,
				B9921E672E66B0530080ABFB /* larning-swift-testTests */,
				B9921E712E66B0530080ABFB /* larning-swift-testUITests */,
			);
		};
/* End PBXProject section */

/* Begin PBXResourcesBuildPhase section */
		B9921E562E66B0510080ABFB /* Resources */ = {
			isa = PBXResourcesBuildPhase;
			buildActionMask = 2147483647;
			files = (
			);
			runOnlyForDeploymentPostprocessing = 0;
		};
		B9921E662E66B0530080ABFB /* Resources */ = {
			isa = PBXResourcesBuildPhase;
			buildActionMask = 2147483647;
			files = (
			);
			runOnlyForDeploymentPostprocessing = 0;
		};
		B9921E702E66B0530080ABFB /* Resources */ = {
			isa = PBXResourcesBuildPhase;
			buildActionMask = 2147483647;
			files = (
			);
			runOnlyForDeploymentPostprocessing = 0;
		};
/* End PBXResourcesBuildPhase section */

/* Begin PBXSourcesBuildPhase section */
		B9921E542E66B0510080ABFB /* Sources */ = {
			isa = PBXSourcesBuildPhase;
			buildActionMask = 2147483647;
			files = (
			);
			runOnlyForDeploymentPostprocessing = 0;
		};
		B9921E642E66B0530080ABFB /* Sources */ = {
			isa = PBXSourcesBuildPhase;
			buildActionMask = 2147483647;
			files = (
			);
			runOnlyForDeploymentPostprocessing = 0;
		};
		B9921E6E2E66B0530080ABFB /* Sources */ = {
			isa = PBXSourcesBuildPhase;
			buildActionMask = 2147483647;
			files = (
			);
			runOnlyForDeploymentPostprocessing = 0;
		};
/* End PBXSourcesBuildPhase section */

/* Begin PBXTargetDependency section */
		B9921E6A2E66B0530080ABFB /* PBXTargetDependency */ = {
			isa = PBXTargetDependency;
			target = B9921E572E66B0510080ABFB /* larning-swift-test */;
			targetProxy = B9921E692E66B0530080ABFB /* PBXContainerItemProxy */;
		};
		B9921E742E66B0530080ABFB /* PBXTargetDependency */ = {
			isa = PBXTargetDependency;
			target = B9921E572E66B0510080ABFB /* larning-swift-test */;
			targetProxy = B9921E732E66B0530080ABFB /* PBXContainerItemProxy */;
		};
/* End PBXTargetDependency section */

/* Begin XCBuildConfiguration section */
		B9921E7A2E66B0530080ABFB /* Debug */ = {
			isa = XCBuildConfiguration;
			buildSettings = {
				ALWAYS_SEARCH_USER_PATHS = NO;
				ASSETCATALOG_COMPILER_GENERATE_SWIFT_ASSET_SYMBOL_EXTENSIONS = YES;
				CLANG_ANALYZER_NONNULL = YES;
				CLANG_ANALYZER_NUMBER_OBJECT_CONVERSION = YES_AGGRESSIVE;
				CLANG_CXX_LANGUAGE_STANDARD = "gnu++20";
				CLANG_ENABLE_MODULES = YES;
				CLANG_ENABLE_OBJC_ARC = YES;
				CLANG_ENABLE_OBJC_WEAK = YES;
				CLANG_WARN_BLOCK_CAPTURE_AUTORELEASING = YES;
				CLANG_WARN_BOOL_CONVERSION = YES;
				CLANG_WARN_COMMA = YES;
				CLANG_WARN_CONSTANT_CONVERSION = YES;
				CLANG_WARN_DEPRECATED_OBJC_IMPLEMENTATIONS = YES;
				CLANG_WARN_DIRECT_OBJC_ISA_USAGE = YES_ERROR;
				CLANG_WARN_DOCUMENTATION_COMMENTS = YES;
				CLANG_WARN_EMPTY_BODY = YES;
				CLANG_WARN_ENUM_CONVERSION = YES;
				CLANG_WARN_INFINITE_RECURSION = YES;
				CLANG_WARN_INT_CONVERSION = YES;
				CLANG_WARN_NON_LITERAL_NULL_CONVERSION = YES;
				CLANG_WARN_OBJC_IMPLICIT_RETAIN_SELF = YES;
				CLANG_WARN_OBJC_LITERAL_CONVERSION = YES;
				CLANG_WARN_OBJC_ROOT_CLASS = YES_ERROR;
				CLANG_WARN_QUOTED_INCLUDE_IN_FRAMEWORK_HEADER = YES;
				CLANG_WARN_RANGE_LOOP_ANALYSIS = YES;
				CLANG_WARN_STRICT_PROTOTYPES = YES;
				CLANG_WARN_SUSPICIOUS_MOVE = YES;
				CLANG_WARN_UNGUARDED_AVAILABILITY = YES_AGGRESSIVE;
				CLANG_WARN_UNREACHABLE_CODE = YES;
				CLANG_WARN__DUPLICATE_METHOD_MATCH = YES;
				COPY_PHASE_STRIP = NO;
				DEBUG_INFORMATION_FORMAT = dwarf;
				ENABLE_STRICT_OBJC_MSGSEND = YES;
				ENABLE_TESTABILITY = YES;
				ENABLE_USER_SCRIPT_SANDBOXING = YES;
				GCC_C_LANGUAGE_STANDARD = gnu17;
				GCC_DYNAMIC_NO_PIC = NO;
				GCC_NO_COMMON_BLOCKS = YES;
				GCC_OPTIMIZATION_LEVEL = 0;
				GCC_PREPROCESSOR_DEFINITIONS = (
					"DEBUG=1",
					"$(inherited)",
				);
				GCC_WARN_64_TO_32_BIT_CONVERSION = YES;
				GCC_WARN_ABOUT_RETURN_TYPE = YES_ERROR;
				GCC_WARN_UNDECLARED_SELECTOR = YES;
				GCC_WARN_UNINITIALIZED_AUTOS = YES_AGGRESSIVE;
				GCC_WARN_UNUSED_FUNCTION = YES;
				GCC_WARN_UNUSED_VARIABLE = YES;
				IPHONEOS_DEPLOYMENT_TARGET = 18.2;
				LOCALIZATION_PREFERS_STRING_CATALOGS = YES;
				MTL_ENABLE_DEBUG_INFO = INCLUDE_SOURCE;
				MTL_FAST_MATH = YES;
				ONLY_ACTIVE_ARCH = YES;
				SDKROOT = iphoneos;
				SWIFT_ACTIVE_COMPILATION_CONDITIONS = "DEBUG $(inherited)";
				SWIFT_OPTIMIZATION_LEVEL = "-Onone";
			};
			name = Debug;
		};
		B9921E7B2E66B0530080ABFB /* Release */ = {
			isa = XCBuildConfiguration;
			buildSettings = {
				ALWAYS_SEARCH_USER_PATHS = NO;
				ASSETCATALOG_COMPILER_GENERATE_SWIFT_ASSET_SYMBOL_EXTENSIONS = YES;
				CLANG_ANALYZER_NONNULL = YES;
				CLANG_ANALYZER_NUMBER_OBJECT_CONVERSION = YES_AGGRESSIVE;
				CLANG_CXX_LANGUAGE_STANDARD = "gnu++20";
				CLANG_ENABLE_MODULES = YES;
				CLANG_ENABLE_OBJC_ARC = YES;
				CLANG_ENABLE_OBJC_WEAK = YES;
				CLANG_WARN_BLOCK_CAPTURE_AUTORELEASING = YES;
				CLANG_WARN_BOOL_CONVERSION = YES;
				CLANG_WARN_COMMA = YES;
				CLANG_WARN_CONSTANT_CONVERSION = YES;
				CLANG_WARN_DEPRECATED_OBJC_IMPLEMENTATIONS = YES;
				CLANG_WARN_DIRECT_OBJC_ISA_USAGE = YES_ERROR;
				CLANG_WARN_DOCUMENTATION_COMMENTS = YES;
				CLANG_WARN_EMPTY_BODY = YES;
				CLANG_WARN_ENUM_CONVERSION = YES;
				CLANG_WARN_INFINITE_RECURSION = YES;
				CLANG_WARN_INT_CONVERSION = YES;
				CLANG_WARN_NON_LITERAL_NULL_CONVERSION = YES;
				CLANG_WARN_OBJC_IMPLICIT_RETAIN_SELF = YES;
				CLANG_WARN_OBJC_LITERAL_CONVERSION = YES;
				CLANG_WARN_OBJC_ROOT_CLASS = YES_ERROR;
				CLANG_WARN_QUOTED_INCLUDE_IN_FRAMEWORK_HEADER = YES;
				CLANG_WARN_RANGE_LOOP_ANALYSIS = YES;
				CLANG_WARN_STRICT_PROTOTYPES = YES;
				CLANG_WARN_SUSPICIOUS_MOVE = YES;
				CLANG_WARN_UNGUARDED_AVAILABILITY = YES_AGGRESSIVE;
				CLANG_WARN_UNREACHABLE_CODE = YES;
				CLANG_WARN__DUPLICATE_METHOD_MATCH = YES;
				COPY_PHASE_STRIP = NO;
				DEBUG_INFORMATION_FORMAT = "dwarf-with-dsym";
				ENABLE_NS_ASSERTIONS = NO;
				ENABLE_STRICT_OBJC_MSGSEND = YES;
				ENABLE_USER_SCRIPT_SANDBOXING = YES;
				GCC_C_LANGUAGE_STANDARD = gnu17;
				GCC_NO_COMMON_BLOCKS = YES;
				GCC_WARN_64_TO_32_BIT_CONVERSION = YES;
				GCC_WARN_ABOUT_RETURN_TYPE = YES_ERROR;
				GCC_WARN_UNDECLARED_SELECTOR = YES;
				GCC_WARN_UNINITIALIZED_AUTOS = YES_AGGRESSIVE;
				GCC_WARN_UNUSED_FUNCTION = YES;
				GCC_WARN_UNUSED_VARIABLE = YES;
				IPHONEOS_DEPLOYMENT_TARGET = 18.2;
				LOCALIZATION_PREFERS_STRING_CATALOGS = YES;
				MTL_ENABLE_DEBUG_INFO = NO;
				MTL_FAST_MATH = YES;
				SDKROOT = iphoneos;
				SWIFT_COMPILATION_MODE = wholemodule;
				VALIDATE_PRODUCT = YES;
			};
			name = Release;
		};
		B9921E7D2E66B0530080ABFB /* Debug */ = {
			isa = XCBuildConfiguration;
			buildSettings = {
				ASSETCATALOG_COMPILER_APPICON_NAME = AppIcon;
				ASSETCATALOG_COMPILER_GLOBAL_ACCENT_COLOR_NAME = AccentColor;
				CODE_SIGN_STYLE = Automatic;
				CURRENT_PROJECT_VERSION = 1;
				DEVELOPMENT_ASSET_PATHS = "\"larning-swift-test/Preview Content\"";
				DEVELOPMENT_TEAM = R4TS3KWL5W;
				ENABLE_PREVIEWS = YES;
				GENERATE_INFOPLIST_FILE = YES;
				INFOPLIST_KEY_UIApplicationSceneManifest_Generation = YES;
				INFOPLIST_KEY_UIApplicationSupportsIndirectInputEvents = YES;
				INFOPLIST_KEY_UILaunchScreen_Generation = YES;
				INFOPLIST_KEY_UISupportedInterfaceOrientations_iPad = "UIInterfaceOrientationPortrait UIInterfaceOrientationPortraitUpsideDown UIInterfaceOrientationLandscapeLeft UIInterfaceOrientationLandscapeRight";
				INFOPLIST_KEY_UISupportedInterfaceOrientations_iPhone = "UIInterfaceOrientationPortrait UIInterfaceOrientationLandscapeLeft UIInterfaceOrientationLandscapeRight";
				LD_RUNPATH_SEARCH_PATHS = (
					"$(inherited)",
					"@executable_path/Frameworks",
				);
				MARKETING_VERSION = 1.0;
				PRODUCT_BUNDLE_IDENTIFIER = "com.Tsubasa-Yoshida.larning-swift-test";
				PRODUCT_NAME = "$(TARGET_NAME)";
				SWIFT_EMIT_LOC_STRINGS = YES;
				SWIFT_VERSION = 5.0;
				TARGETED_DEVICE_FAMILY = "1,2";
			};
			name = Debug;
		};
		B9921E7E2E66B0530080ABFB /* Release */ = {
			isa = XCBuildConfiguration;
			buildSettings = {
				ASSETCATALOG_COMPILER_APPICON_NAME = AppIcon;
				ASSETCATALOG_COMPILER_GLOBAL_ACCENT_COLOR_NAME = AccentColor;
				CODE_SIGN_STYLE = Automatic;
				CURRENT_PROJECT_VERSION = 1;
				DEVELOPMENT_ASSET_PATHS = "\"larning-swift-test/Preview Content\"";
				DEVELOPMENT_TEAM = R4TS3KWL5W;
				ENABLE_PREVIEWS = YES;
				GENERATE_INFOPLIST_FILE = YES;
				INFOPLIST_KEY_UIApplicationSceneManifest_Generation = YES;
				INFOPLIST_KEY_UIApplicationSupportsIndirectInputEvents = YES;
				INFOPLIST_KEY_UILaunchScreen_Generation = YES;
				INFOPLIST_KEY_UISupportedInterfaceOrientations_iPad = "UIInterfaceOrientationPortrait UIInterfaceOrientationPortraitUpsideDown UIInterfaceOrientationLandscapeLeft UIInterfaceOrientationLandscapeRight";
				INFOPLIST_KEY_UISupportedInterfaceOrientations_iPhone = "UIInterfaceOrientationPortrait UIInterfaceOrientationLandscapeLeft UIInterfaceOrientationLandscapeRight";
				LD_RUNPATH_SEARCH_PATHS = (
					"$(inherited)",
					"@executable_path/Frameworks",
				);
				MARKETING_VERSION = 1.0;
				PRODUCT_BUNDLE_IDENTIFIER = "com.Tsubasa-Yoshida.larning-swift-test";
				PRODUCT_NAME = "$(TARGET_NAME)";
				SWIFT_EMIT_LOC_STRINGS = YES;
				SWIFT_VERSION = 5.0;
				TARGETED_DEVICE_FAMILY = "1,2";
			};
			name = Release;
		};
		B9921E802E66B0530080ABFB /* Debug */ = {
			isa = XCBuildConfiguration;
			buildSettings = {
				BUNDLE_LOADER = "$(TEST_HOST)";
				CODE_SIGN_STYLE = Automatic;
				CURRENT_PROJECT_VERSION = 1;
				DEVELOPMENT_TEAM = R4TS3KWL5W;
				GENERATE_INFOPLIST_FILE = YES;
				IPHONEOS_DEPLOYMENT_TARGET = 18.2;
				MARKETING_VERSION = 1.0;
				PRODUCT_BUNDLE_IDENTIFIER = "com.Tsubasa-Yoshida.larning-swift-testTests";
				PRODUCT_NAME = "$(TARGET_NAME)";
				SWIFT_EMIT_LOC_STRINGS = NO;
				SWIFT_VERSION = 5.0;
				TARGETED_DEVICE_FAMILY = "1,2";
				TEST_HOST = "$(BUILT_PRODUCTS_DIR)/larning-swift-test.app/$(BUNDLE_EXECUTABLE_FOLDER_PATH)/larning-swift-test";
			};
			name = Debug;
		};
		B9921E812E66B0530080ABFB /* Release */ = {
			isa = XCBuildConfiguration;
			buildSettings = {
				BUNDLE_LOADER = "$(TEST_HOST)";
				CODE_SIGN_STYLE = Automatic;
				CURRENT_PROJECT_VERSION = 1;
				DEVELOPMENT_TEAM = R4TS3KWL5W;
				GENERATE_INFOPLIST_FILE = YES;
				IPHONEOS_DEPLOYMENT_TARGET = 18.2;
				MARKETING_VERSION = 1.0;
				PRODUCT_BUNDLE_IDENTIFIER = "com.Tsubasa-Yoshida.larning-swift-testTests";
				PRODUCT_NAME = "$(TARGET_NAME)";
				SWIFT_EMIT_LOC_STRINGS = NO;
				SWIFT_VERSION = 5.0;
				TARGETED_DEVICE_FAMILY = "1,2";
				TEST_HOST = "$(BUILT_PRODUCTS_DIR)/larning-swift-test.app/$(BUNDLE_EXECUTABLE_FOLDER_PATH)/larning-swift-test";
			};
			name = Release;
		};
		B9921E832E66B0530080ABFB /* Debug */ = {
			isa = XCBuildConfiguration;
			buildSettings = {
				CODE_SIGN_STYLE = Automatic;
				CURRENT_PROJECT_VERSION = 1;
				DEVELOPMENT_TEAM = R4TS3KWL5W;
				GENERATE_INFOPLIST_FILE = YES;
				MARKETING_VERSION = 1.0;
				PRODUCT_BUNDLE_IDENTIFIER = "com.Tsubasa-Yoshida.larning-swift-testUITests";
				PRODUCT_NAME = "$(TARGET_NAME)";
				SWIFT_EMIT_LOC_STRINGS = NO;
				SWIFT_VERSION = 5.0;
				TARGETED_DEVICE_FAMILY = "1,2";
				TEST_TARGET_NAME = "larning-swift-test";
			};
			name = Debug;
		};
		B9921E842E66B0530080ABFB /* Release */ = {
			isa = XCBuildConfiguration;
			buildSettings = {
				CODE_SIGN_STYLE = Automatic;
				CURRENT_PROJECT_VERSION = 1;
				DEVELOPMENT_TEAM = R4TS3KWL5W;
				GENERATE_INFOPLIST_FILE = YES;
				MARKETING_VERSION = 1.0;
				PRODUCT_BUNDLE_IDENTIFIER = "com.Tsubasa-Yoshida.larning-swift-testUITests";
				PRODUCT_NAME = "$(TARGET_NAME)";
				SWIFT_EMIT_LOC_STRINGS = NO;
				SWIFT_VERSION = 5.0;
				TARGETED_DEVICE_FAMILY = "1,2";
				TEST_TARGET_NAME = "larning-swift-test";
			};
			name = Release;
		};
/* End XCBuildConfiguration section */

/* Begin XCConfigurationList section */
		B9921E532E66B0510080ABFB /* Build configuration list for PBXProject "larning-swift-test" */ = {
			isa = XCConfigurationList;
			buildConfigurations = (
				B9921E7A2E66B0530080ABFB /* Debug */,
				B9921E7B2E66B0530080ABFB /* Release */,
			);
			defaultConfigurationIsVisible = 0;
			defaultConfigurationName = Release;
		};
		B9921E7C2E66B0530080ABFB /* Build configuration list for PBXNativeTarget "larning-swift-test" */ = {
			isa = XCConfigurationList;
			buildConfigurations = (
				B9921E7D2E66B0530080ABFB /* Debug */,
				B9921E7E2E66B0530080ABFB /* Release */,
			);
			defaultConfigurationIsVisible = 0;
			defaultConfigurationName = Release;
		};
		B9921E7F2E66B0530080ABFB /* Build configuration list for PBXNativeTarget "larning-swift-testTests" */ = {
			isa = XCConfigurationList;
			buildConfigurations = (
				B9921E802E66B0530080ABFB /* Debug */,
				B9921E812E66B0530080ABFB /* Release */,
			);
			defaultConfigurationIsVisible = 0;
			defaultConfigurationName = Release;
		};
		B9921E822E66B0530080ABFB /* Build configuration list for PBXNativeTarget "larning-swift-testUITests" */ = {
			isa = XCConfigurationList;
			buildConfigurations = (
				B9921E832E66B0530080ABFB /* Debug */,
				B9921E842E66B0530080ABFB /* Release */,
			);
			defaultConfigurationIsVisible = 0;
			defaultConfigurationName = Release;
		};
/* End XCConfigurationList section */
	};
	rootObject = B9921E502E66B0510080ABFB /* Project object */;
}
